{
  "name": "acp-bridge-wechat",
  "version": "0.3.0",
  "lockfileVersion": 3,
  "requires": true,
  "packages": {
    "": {
      "name": "acp-bridge-wechat",
      "version": "0.3.0",
      "license": "MIT",
      "dependencies": {
        "@agentclientprotocol/sdk": "^0.16.1",
        "node-cron": "^4.5.0",
        "qrcode-terminal": "^0.12.0",
        "silk-wasm": "^3.7.1"
      },
      "bin": {
        "acp-bridge-wechat": "dist/bin/acp-bridge-wechat.js"
      },
      "devDependencies": {
        "@types/node": "^22.0.0",
        "typescript": "^5.5.0"
      },
      "engines": {
        "node": ">=20.0.0"
      }
    },
    "node_modules/@agentclientprotocol/sdk": {
      "version": "0.16.1",
      "resolved": "https://registry.npmjs.org/@agentclientprotocol/sdk/-/sdk-0.16.1.tgz",
      "integrity": "sha512-1ad+Sc/0sCtZGHthxxvgEUo5Wsbw16I+aF+YwdiLnPwkZG8KAGUEAPK6LM6Pf69lCyJPt1Aomk1d+8oE3C4ZEw==",
      "license": "Apache-2.0",
      "peerDependencies": {
        "zod": "^3.25.0 || ^4.0.0"
      }
    },
    "node_modules/@types/node": {
      "version": "22.19.19",
      "resolved": "https://registry.npmjs.org/@types/node/-/node-22.19.19.tgz",
      "integrity": "sha512-dyh/xO2Fh5bYrfWaaqGrRQQGkNdmYw6AmaAUvYeUMNTWQtvb796ikLdmTchRmOlOiIJ1TDXfWgVx1QkUlQ6Hew==",
      "dev": true,
      "license": "MIT",
      "dependencies": {
        "undici-types": "~6.21.0"
      }
    },
    "node_modules/node-cron": {
      "version": "4.5.0",
      "resolved": "https://registry.npmjs.org/node-cron/-/node-cron-4.5.0.tgz",
      "integrity": "sha512-4Trh+kjvbXokyJkwQumvD5YAgeJfgHLR/sKyu71uSmxfCR5QMO1hldpvmFZOICN5pLgNY+J5Y8+ar3XKo5/4tQ==",
      "license": "ISC",
      "engines": {
        "node": ">=20"
      }
    },
    "node_modules/qrcode-terminal": {
      "version": "0.12.0",
      "resolved": "https://registry.npmjs.org/qrcode-terminal/-/qrcode-terminal-0.12.0.tgz",
      "integrity": "sha512-EXtzRZmC+YGmGlDFbXKxQiMZNwCLEO6BANKXG4iCtSIM0yqc/pappSx3RIKr4r0uh5JsBckOXeKrB3Iz7mdQpQ==",
      "bin": {
        "qrcode-terminal": "bin/qrcode-terminal.js"
      }
    },
    "node_modules/silk-wasm": {
      "version": "3.7.1",
      "resolved": "https://registry.npmjs.org/silk-wasm/-/silk-wasm-3.7.1.tgz",
      "integrity": "sha512-mXPwLRtZxrYV3TZx41jMAeKc80wvmyrcXIcs8HctFxK15Ahz2OJQENYhNgEPeCEOdI6Mbx1NxQsqxzwc3DKerw==",
      "license": "MIT",
      "engines": {
        "node": ">=16.11.0"
      }
    },
    "node_modules/typescript": {
      "version": "5.9.3",
      "resolved": "https://registry.npmjs.org/typescript/-/typescript-5.9.3.tgz",
      "integrity": "sha512-jl1vZzPDinLr9eUt3J/t7V6FgNEw9QjvBPdysz9KfQDD41fQrC2Y4vKQdiaUpFT4bXlb1RHhLpp8wtm6M5TgSw==",
      "dev": true,
      "license": "Apache-2.0",
      "bin": {
        "tsc": "bin/tsc",
        "tsserver": "bin/tsserver"
      },
      "engines": {
        "node": ">=14.17"
      }
    },
    "node_modules/undici-types": {
      "version": "6.21.0",
      "resolved": "https://registry.npmjs.org/undici-types/-/undici-types-6.21.0.tgz",
      "integrity": "sha512-iwDZqg0QAGrg9Rav5H4n0M64c3mkR59cJ6wQp+7C4nI0gsmExaedaYLNO44eT4AtBBwjbTiGPMlt2Md0T9H9JQ==",
      "dev": true,
      "license": "MIT"
    },
    "node_modules/zod": {
      "version": "4.4.3",
      "resolved": "https://registry.npmjs.org/zod/-/zod-4.4.3.tgz",
      "integrity": "sha512-ytENFjIJFl2UwYglde2jchW2Hwm4GJFLDiSXWdTrJQBIN9Fcyp7n4DhxJEiWNAJMV1/BqWfW/kkg71UDcHJyTQ==",
      "license": "MIT",
      "peer": true,
      "funding": {
        "url": "https://github.com/sponsors/colinhacks"
      }
    }
  }
}
